
Microsoft Visual Studio Solution File, Format Version 12.00
# Visual Studio Version 16
VisualStudioVersion = 16.0.29411.108
MinimumVisualStudioVersion = 10.0.40219.1
Project("{FAE04EC0-301F-11D3-BF4B-00C04F79EFBC}") = "FreakyGeekyCrafts", "FreakyGeekyCrafts\FreakyGeekyCrafts.csproj", "{CDC5A8D3-C3A7-4FC4-8229-835731D23C87}"
EndProject
Global
	GlobalSection(SolutionConfigurationPlatforms) = preSolution
		Debug|Any CPU = Debug|Any CPU
		Release|Any CPU = Release|Any CPU
	EndGlobalSection
	GlobalSection(ProjectConfigurationPlatforms) = postSolution
		{CDC5A8D3-C3A7-4FC4-8229-835731D23C87}.Debug|Any CPU.ActiveCfg = Debug|Any CPU
		{CDC5A8D3-C3A7-4FC4-8229-835731D23C87}.Debug|Any CPU.Build.0 = Debug|Any CPU
		{CDC5A8D3-C3A7-4FC4-8229-835731D23C87}.Release|Any CPU.ActiveCfg = Release|Any CPU
		{CDC5A8D3-C3A7-4FC4-8229-835731D23C87}.Release|Any CPU.Build.0 = Release|Any CPU
	EndGlobalSection
	GlobalSection(SolutionProperties) = preSolution
		HideSolutionNode = FALSE
	EndGlobalSection
	GlobalSection(ExtensibilityGlobals) = postSolution
		SolutionGuid = {0DC23A43-B823-49A4-B4E6-1B568DEA9996}
	EndGlobalSection
EndGlobal
